
Microsoft Visual Studio Solution File, Format Version 10.00
# Visual Studio 2008
Project("{8BC9CEB8-8B4A-11D0-8D11-00A0C91BC942}") = "OverloadvsOverride", "OverloadvsOverride\OverloadvsOverride.vcproj", "{DBD61C3E-E9D5-48A4-BC88-AA504EBD1058}"
EndProject
Global
	GlobalSection(SolutionConfigurationPlatforms) = preSolution
		Debug|Win32 = Debug|Win32
		Release|Win32 = Release|Win32
	EndGlobalSection
	GlobalSection(ProjectConfigurationPlatforms) = postSolution
		{DBD61C3E-E9D5-48A4-BC88-AA504EBD1058}.Debug|Win32.ActiveCfg = Debug|Win32
		{DBD61C3E-E9D5-48A4-BC88-AA504EBD1058}.Debug|Win32.Build.0 = Debug|Win32
		{DBD61C3E-E9D5-48A4-BC88-AA504EBD1058}.Release|Win32.ActiveCfg = Release|Win32
		{DBD61C3E-E9D5-48A4-BC88-AA504EBD1058}.Release|Win32.Build.0 = Release|Win32
	EndGlobalSection
	GlobalSection(SolutionProperties) = preSolution
		HideSolutionNode = FALSE
	EndGlobalSection
EndGlobal
