
Microsoft Visual Studio Solution File, Format Version 12.00
# Visual Studio 15
VisualStudioVersion = 15.0.26228.9
MinimumVisualStudioVersion = 10.0.40219.1
Project("{8BC9CEB8-8B4A-11D0-8D11-00A0C91BC942}") = "44_52_LinkList", "44_52_LinkList\44_52_LinkList.vcxproj", "{981730B6-5C19-48C2-AB97-14347489EC3A}"
EndProject
Project("{8BC9CEB8-8B4A-11D0-8D11-00A0C91BC942}") = "temp", "temp\temp.vcxproj", "{AD7CA017-DD8C-40DB-8080-8F13E46FD92A}"
EndProject
Project("{8BC9CEB8-8B4A-11D0-8D11-00A0C91BC942}") = "16_HamDung", "16_HamDung\16_HamDung.vcxproj", "{54C4D585-924F-4B01-8544-A51087254D3E}"
EndProject
Project("{8BC9CEB8-8B4A-11D0-8D11-00A0C91BC942}") = "02_03_HelloWorld", "02_HelloWorld\02_HelloWorld.vcxproj", "{6B5D79E4-6C52-4D65-9D57-6EC9D65B5DE0}"
EndProject
Project("{8BC9CEB8-8B4A-11D0-8D11-00A0C91BC942}") = "04_Bien", "04_Bien\04_Bien.vcxproj", "{4A7DF1AA-D95C-4268-BDD5-E0DC286C4066}"
EndProject
Project("{8BC9CEB8-8B4A-11D0-8D11-00A0C91BC942}") = "05_06_CIN", "05_06_CIN\05_06_CIN.vcxproj", "{747EB061-05EC-4F50-B814-42B3FBEF778F}"
EndProject
Project("{8BC9CEB8-8B4A-11D0-8D11-00A0C91BC942}") = "07_08_BienVaTamVucCuaBien", "07_08_BienVaTamVucCuaBien\07_08_BienVaTamVucCuaBien.vcxproj", "{155491E5-21FC-44FA-BE20-A6FC69284D67}"
EndProject
Project("{8BC9CEB8-8B4A-11D0-8D11-00A0C91BC942}") = "09_If", "09_If\09_If.vcxproj", "{C1EAFD7A-9E7F-4409-B477-2458C6588446}"
EndProject
Project("{8BC9CEB8-8B4A-11D0-8D11-00A0C91BC942}") = "10_12_Ham", "10_11_12_Ham\10_11_12_Ham.vcxproj", "{90F7C796-B02D-4EF2-8693-824000FAE68F}"
EndProject
Project("{8BC9CEB8-8B4A-11D0-8D11-00A0C91BC942}") = "14_18_Class", "14_17_Class\14_17_Class.vcxproj", "{6044749E-5BDD-492E-8557-8B0507740695}"
EndProject
Project("{8BC9CEB8-8B4A-11D0-8D11-00A0C91BC942}") = "19_21_Pointer", "19_21_Pointer\19_21_Pointer.vcxproj", "{C7337A17-0AA4-4A58-9632-218AAE50598F}"
EndProject
Project("{8BC9CEB8-8B4A-11D0-8D11-00A0C91BC942}") = "22_28_MangMotChieu", "22_28_MangMotChieu\22_28_MangMotChieu.vcxproj", "{2A089084-4727-4DF1-9E52-61F02E2629A9}"
EndProject
Project("{8BC9CEB8-8B4A-11D0-8D11-00A0C91BC942}") = "53_56_DoubleLinkList", "53_56_DoubleLinkList\53_56_DoubleLinkList.vcxproj", "{9A78835B-2D9A-4FBF-8696-1F62A0BF3A65}"
EndProject
Project("{8BC9CEB8-8B4A-11D0-8D11-00A0C91BC942}") = "57_DeQuy", "57_DeQuy\57_DeQuy.vcxproj", "{CE526C0C-ABA9-4CEC-9DEC-59C9D0CB1256}"
EndProject
Project("{8BC9CEB8-8B4A-11D0-8D11-00A0C91BC942}") = "58_61_Stack", "58_61_Stack\58_61_Stack.vcxproj", "{9BB30EFD-96B0-4691-8BF4-B919BA125253}"
EndProject
Project("{8BC9CEB8-8B4A-11D0-8D11-00A0C91BC942}") = "66_67_KeThua", "66_67_KeThua\66_67_KeThua.vcxproj", "{64FF8669-7D7B-4067-B1FB-DC5AA48C4510}"
EndProject
Project("{8BC9CEB8-8B4A-11D0-8D11-00A0C91BC942}") = "67_69_DaHinh", "67_69_DaHinh\67_69_DaHinh.vcxproj", "{68F9C8B2-8E1E-40B0-843C-9A6A2141972A}"
EndProject
Project("{8BC9CEB8-8B4A-11D0-8D11-00A0C91BC942}") = "70_AbstractClassAndPureVirtual", "70_AbstractClassAndPureVirtual\70_AbstractClassAndPureVirtual.vcxproj", "{48C62B2B-CA55-4F56-AA3E-356E74FD0753}"
EndProject
Project("{8BC9CEB8-8B4A-11D0-8D11-00A0C91BC942}") = "71_VirtualFunction", "71_VirtualFunction\71_VirtualFunction.vcxproj", "{08240702-D2C2-4AEB-B709-5F2321EACDBC}"
EndProject
Project("{8BC9CEB8-8B4A-11D0-8D11-00A0C91BC942}") = "72_OverloadOverride", "72_OverloadOverride\72_OverloadOverride.vcxproj", "{7B0572B3-C934-4113-928D-C29DD0529FA4}"
EndProject
Project("{8BC9CEB8-8B4A-11D0-8D11-00A0C91BC942}") = "73_ThisPointer", "73_ThisPointer\73_ThisPointer.vcxproj", "{399D249E-AED8-4D42-BF31-513C76E7153F}"
EndProject
Project("{8BC9CEB8-8B4A-11D0-8D11-00A0C91BC942}") = "74_Enum", "74_Enum\74_Enum.vcxproj", "{4CD05F87-4781-4DC9-952D-709BA4917B4B}"
EndProject
Project("{8BC9CEB8-8B4A-11D0-8D11-00A0C91BC942}") = "75_Container_Vector", "75_Container_Vector\75_Container_Vector.vcxproj", "{DDDF0064-A242-467B-A42C-50498DF9A9A8}"
EndProject
Project("{8BC9CEB8-8B4A-11D0-8D11-00A0C91BC942}") = "40_CapPhatDong", "40_CapPhatDong\40_CapPhatDong.vcxproj", "{78ED708E-9C79-4EDE-A2A1-ABE150045608}"
EndProject
Project("{8BC9CEB8-8B4A-11D0-8D11-00A0C91BC942}") = "41_SwapByPointer", "41_SwapByPointer\41_SwapByPointer.vcxproj", "{5CC2F445-06DF-4CC3-B166-B6D8CFB8B5DF}"
EndProject
Project("{8BC9CEB8-8B4A-11D0-8D11-00A0C91BC942}") = "42_ThamChieu_Reference", "42_ThamChieu_Reference\42_ThamChieu_Reference.vcxproj", "{84ECDD50-B97A-400F-B58B-8FE4E9E8E008}"
EndProject
Project("{8BC9CEB8-8B4A-11D0-8D11-00A0C91BC942}") = "43_SwapByReference", "43_SwapByReference\43_SwapByReference.vcxproj", "{592171EF-CDFD-49F0-A1CF-CE9AA2597F94}"
EndProject
Project("{8BC9CEB8-8B4A-11D0-8D11-00A0C91BC942}") = "63_Declare_Define", "63_Declare_Define\63_Declare_Define.vcxproj", "{A8AD09F4-3DAD-4FBC-B71B-8D4ABFD25812}"
EndProject
Project("{8BC9CEB8-8B4A-11D0-8D11-00A0C91BC942}") = "63_FunctionOverloading", "63_FunctionOverloading\63_FunctionOverloading.vcxproj", "{1676D52D-1C10-44B5-A5D7-B4BBB2184320}"
EndProject
Global
	GlobalSection(SolutionConfigurationPlatforms) = preSolution
		Debug|x64 = Debug|x64
		Debug|x86 = Debug|x86
		Release|x64 = Release|x64
		Release|x86 = Release|x86
	EndGlobalSection
	GlobalSection(ProjectConfigurationPlatforms) = postSolution
		{981730B6-5C19-48C2-AB97-14347489EC3A}.Debug|x64.ActiveCfg = Debug|x64
		{981730B6-5C19-48C2-AB97-14347489EC3A}.Debug|x64.Build.0 = Debug|x64
		{981730B6-5C19-48C2-AB97-14347489EC3A}.Debug|x86.ActiveCfg = Debug|Win32
		{981730B6-5C19-48C2-AB97-14347489EC3A}.Debug|x86.Build.0 = Debug|Win32
		{981730B6-5C19-48C2-AB97-14347489EC3A}.Release|x64.ActiveCfg = Release|x64
		{981730B6-5C19-48C2-AB97-14347489EC3A}.Release|x64.Build.0 = Release|x64
		{981730B6-5C19-48C2-AB97-14347489EC3A}.Release|x86.ActiveCfg = Release|Win32
		{981730B6-5C19-48C2-AB97-14347489EC3A}.Release|x86.Build.0 = Release|Win32
		{AD7CA017-DD8C-40DB-8080-8F13E46FD92A}.Debug|x64.ActiveCfg = Debug|x64
		{AD7CA017-DD8C-40DB-8080-8F13E46FD92A}.Debug|x64.Build.0 = Debug|x64
		{AD7CA017-DD8C-40DB-8080-8F13E46FD92A}.Debug|x86.ActiveCfg = Debug|Win32
		{AD7CA017-DD8C-40DB-8080-8F13E46FD92A}.Debug|x86.Build.0 = Debug|Win32
		{AD7CA017-DD8C-40DB-8080-8F13E46FD92A}.Release|x64.ActiveCfg = Release|x64
		{AD7CA017-DD8C-40DB-8080-8F13E46FD92A}.Release|x64.Build.0 = Release|x64
		{AD7CA017-DD8C-40DB-8080-8F13E46FD92A}.Release|x86.ActiveCfg = Release|Win32
		{AD7CA017-DD8C-40DB-8080-8F13E46FD92A}.Release|x86.Build.0 = Release|Win32
		{54C4D585-924F-4B01-8544-A51087254D3E}.Debug|x64.ActiveCfg = Debug|x64
		{54C4D585-924F-4B01-8544-A51087254D3E}.Debug|x64.Build.0 = Debug|x64
		{54C4D585-924F-4B01-8544-A51087254D3E}.Debug|x86.ActiveCfg = Debug|Win32
		{54C4D585-924F-4B01-8544-A51087254D3E}.Debug|x86.Build.0 = Debug|Win32
		{54C4D585-924F-4B01-8544-A51087254D3E}.Release|x64.ActiveCfg = Release|x64
		{54C4D585-924F-4B01-8544-A51087254D3E}.Release|x64.Build.0 = Release|x64
		{54C4D585-924F-4B01-8544-A51087254D3E}.Release|x86.ActiveCfg = Release|Win32
		{54C4D585-924F-4B01-8544-A51087254D3E}.Release|x86.Build.0 = Release|Win32
		{6B5D79E4-6C52-4D65-9D57-6EC9D65B5DE0}.Debug|x64.ActiveCfg = Debug|x64
		{6B5D79E4-6C52-4D65-9D57-6EC9D65B5DE0}.Debug|x64.Build.0 = Debug|x64
		{6B5D79E4-6C52-4D65-9D57-6EC9D65B5DE0}.Debug|x86.ActiveCfg = Debug|Win32
		{6B5D79E4-6C52-4D65-9D57-6EC9D65B5DE0}.Debug|x86.Build.0 = Debug|Win32
		{6B5D79E4-6C52-4D65-9D57-6EC9D65B5DE0}.Release|x64.ActiveCfg = Release|x64
		{6B5D79E4-6C52-4D65-9D57-6EC9D65B5DE0}.Release|x64.Build.0 = Release|x64
		{6B5D79E4-6C52-4D65-9D57-6EC9D65B5DE0}.Release|x86.ActiveCfg = Release|Win32
		{6B5D79E4-6C52-4D65-9D57-6EC9D65B5DE0}.Release|x86.Build.0 = Release|Win32
		{4A7DF1AA-D95C-4268-BDD5-E0DC286C4066}.Debug|x64.ActiveCfg = Debug|x64
		{4A7DF1AA-D95C-4268-BDD5-E0DC286C4066}.Debug|x64.Build.0 = Debug|x64
		{4A7DF1AA-D95C-4268-BDD5-E0DC286C4066}.Debug|x86.ActiveCfg = Debug|Win32
		{4A7DF1AA-D95C-4268-BDD5-E0DC286C4066}.Debug|x86.Build.0 = Debug|Win32
		{4A7DF1AA-D95C-4268-BDD5-E0DC286C4066}.Release|x64.ActiveCfg = Release|x64
		{4A7DF1AA-D95C-4268-BDD5-E0DC286C4066}.Release|x64.Build.0 = Release|x64
		{4A7DF1AA-D95C-4268-BDD5-E0DC286C4066}.Release|x86.ActiveCfg = Release|Win32
		{4A7DF1AA-D95C-4268-BDD5-E0DC286C4066}.Release|x86.Build.0 = Release|Win32
		{747EB061-05EC-4F50-B814-42B3FBEF778F}.Debug|x64.ActiveCfg = Debug|x64
		{747EB061-05EC-4F50-B814-42B3FBEF778F}.Debug|x64.Build.0 = Debug|x64
		{747EB061-05EC-4F50-B814-42B3FBEF778F}.Debug|x86.ActiveCfg = Debug|Win32
		{747EB061-05EC-4F50-B814-42B3FBEF778F}.Debug|x86.Build.0 = Debug|Win32
		{747EB061-05EC-4F50-B814-42B3FBEF778F}.Release|x64.ActiveCfg = Release|x64
		{747EB061-05EC-4F50-B814-42B3FBEF778F}.Release|x64.Build.0 = Release|x64
		{747EB061-05EC-4F50-B814-42B3FBEF778F}.Release|x86.ActiveCfg = Release|Win32
		{747EB061-05EC-4F50-B814-42B3FBEF778F}.Release|x86.Build.0 = Release|Win32
		{155491E5-21FC-44FA-BE20-A6FC69284D67}.Debug|x64.ActiveCfg = Debug|x64
		{155491E5-21FC-44FA-BE20-A6FC69284D67}.Debug|x64.Build.0 = Debug|x64
		{155491E5-21FC-44FA-BE20-A6FC69284D67}.Debug|x86.ActiveCfg = Debug|Win32
		{155491E5-21FC-44FA-BE20-A6FC69284D67}.Debug|x86.Build.0 = Debug|Win32
		{155491E5-21FC-44FA-BE20-A6FC69284D67}.Release|x64.ActiveCfg = Release|x64
		{155491E5-21FC-44FA-BE20-A6FC69284D67}.Release|x64.Build.0 = Release|x64
		{155491E5-21FC-44FA-BE20-A6FC69284D67}.Release|x86.ActiveCfg = Release|Win32
		{155491E5-21FC-44FA-BE20-A6FC69284D67}.Release|x86.Build.0 = Release|Win32
		{C1EAFD7A-9E7F-4409-B477-2458C6588446}.Debug|x64.ActiveCfg = Debug|x64
		{C1EAFD7A-9E7F-4409-B477-2458C6588446}.Debug|x64.Build.0 = Debug|x64
		{C1EAFD7A-9E7F-4409-B477-2458C6588446}.Debug|x86.ActiveCfg = Debug|Win32
		{C1EAFD7A-9E7F-4409-B477-2458C6588446}.Debug|x86.Build.0 = Debug|Win32
		{C1EAFD7A-9E7F-4409-B477-2458C6588446}.Release|x64.ActiveCfg = Release|x64
		{C1EAFD7A-9E7F-4409-B477-2458C6588446}.Release|x64.Build.0 = Release|x64
		{C1EAFD7A-9E7F-4409-B477-2458C6588446}.Release|x86.ActiveCfg = Release|Win32
		{C1EAFD7A-9E7F-4409-B477-2458C6588446}.Release|x86.Build.0 = Release|Win32
		{90F7C796-B02D-4EF2-8693-824000FAE68F}.Debug|x64.ActiveCfg = Debug|x64
		{90F7C796-B02D-4EF2-8693-824000FAE68F}.Debug|x64.Build.0 = Debug|x64
		{90F7C796-B02D-4EF2-8693-824000FAE68F}.Debug|x86.ActiveCfg = Debug|Win32
		{90F7C796-B02D-4EF2-8693-824000FAE68F}.Debug|x86.Build.0 = Debug|Win32
		{90F7C796-B02D-4EF2-8693-824000FAE68F}.Release|x64.ActiveCfg = Release|x64
		{90F7C796-B02D-4EF2-8693-824000FAE68F}.Release|x64.Build.0 = Release|x64
		{90F7C796-B02D-4EF2-8693-824000FAE68F}.Release|x86.ActiveCfg = Release|Win32
		{90F7C796-B02D-4EF2-8693-824000FAE68F}.Release|x86.Build.0 = Release|Win32
		{6044749E-5BDD-492E-8557-8B0507740695}.Debug|x64.ActiveCfg = Debug|x64
		{6044749E-5BDD-492E-8557-8B0507740695}.Debug|x64.Build.0 = Debug|x64
		{6044749E-5BDD-492E-8557-8B0507740695}.Debug|x86.ActiveCfg = Debug|Win32
		{6044749E-5BDD-492E-8557-8B0507740695}.Debug|x86.Build.0 = Debug|Win32
		{6044749E-5BDD-492E-8557-8B0507740695}.Release|x64.ActiveCfg = Release|x64
		{6044749E-5BDD-492E-8557-8B0507740695}.Release|x64.Build.0 = Release|x64
		{6044749E-5BDD-492E-8557-8B0507740695}.Release|x86.ActiveCfg = Release|Win32
		{6044749E-5BDD-492E-8557-8B0507740695}.Release|x86.Build.0 = Release|Win32
		{C7337A17-0AA4-4A58-9632-218AAE50598F}.Debug|x64.ActiveCfg = Debug|x64
		{C7337A17-0AA4-4A58-9632-218AAE50598F}.Debug|x64.Build.0 = Debug|x64
		{C7337A17-0AA4-4A58-9632-218AAE50598F}.Debug|x86.ActiveCfg = Debug|Win32
		{C7337A17-0AA4-4A58-9632-218AAE50598F}.Debug|x86.Build.0 = Debug|Win32
		{C7337A17-0AA4-4A58-9632-218AAE50598F}.Release|x64.ActiveCfg = Release|x64
		{C7337A17-0AA4-4A58-9632-218AAE50598F}.Release|x64.Build.0 = Release|x64
		{C7337A17-0AA4-4A58-9632-218AAE50598F}.Release|x86.ActiveCfg = Release|Win32
		{C7337A17-0AA4-4A58-9632-218AAE50598F}.Release|x86.Build.0 = Release|Win32
		{2A089084-4727-4DF1-9E52-61F02E2629A9}.Debug|x64.ActiveCfg = Debug|x64
		{2A089084-4727-4DF1-9E52-61F02E2629A9}.Debug|x64.Build.0 = Debug|x64
		{2A089084-4727-4DF1-9E52-61F02E2629A9}.Debug|x86.ActiveCfg = Debug|Win32
		{2A089084-4727-4DF1-9E52-61F02E2629A9}.Debug|x86.Build.0 = Debug|Win32
		{2A089084-4727-4DF1-9E52-61F02E2629A9}.Release|x64.ActiveCfg = Release|x64
		{2A089084-4727-4DF1-9E52-61F02E2629A9}.Release|x64.Build.0 = Release|x64
		{2A089084-4727-4DF1-9E52-61F02E2629A9}.Release|x86.ActiveCfg = Release|Win32
		{2A089084-4727-4DF1-9E52-61F02E2629A9}.Release|x86.Build.0 = Release|Win32
		{9A78835B-2D9A-4FBF-8696-1F62A0BF3A65}.Debug|x64.ActiveCfg = Debug|x64
		{9A78835B-2D9A-4FBF-8696-1F62A0BF3A65}.Debug|x64.Build.0 = Debug|x64
		{9A78835B-2D9A-4FBF-8696-1F62A0BF3A65}.Debug|x86.ActiveCfg = Debug|Win32
		{9A78835B-2D9A-4FBF-8696-1F62A0BF3A65}.Debug|x86.Build.0 = Debug|Win32
		{9A78835B-2D9A-4FBF-8696-1F62A0BF3A65}.Release|x64.ActiveCfg = Release|x64
		{9A78835B-2D9A-4FBF-8696-1F62A0BF3A65}.Release|x64.Build.0 = Release|x64
		{9A78835B-2D9A-4FBF-8696-1F62A0BF3A65}.Release|x86.ActiveCfg = Release|Win32
		{9A78835B-2D9A-4FBF-8696-1F62A0BF3A65}.Release|x86.Build.0 = Release|Win32
		{CE526C0C-ABA9-4CEC-9DEC-59C9D0CB1256}.Debug|x64.ActiveCfg = Debug|x64
		{CE526C0C-ABA9-4CEC-9DEC-59C9D0CB1256}.Debug|x64.Build.0 = Debug|x64
		{CE526C0C-ABA9-4CEC-9DEC-59C9D0CB1256}.Debug|x86.ActiveCfg = Debug|Win32
		{CE526C0C-ABA9-4CEC-9DEC-59C9D0CB1256}.Debug|x86.Build.0 = Debug|Win32
		{CE526C0C-ABA9-4CEC-9DEC-59C9D0CB1256}.Release|x64.ActiveCfg = Release|x64
		{CE526C0C-ABA9-4CEC-9DEC-59C9D0CB1256}.Release|x64.Build.0 = Release|x64
		{CE526C0C-ABA9-4CEC-9DEC-59C9D0CB1256}.Release|x86.ActiveCfg = Release|Win32
		{CE526C0C-ABA9-4CEC-9DEC-59C9D0CB1256}.Release|x86.Build.0 = Release|Win32
		{9BB30EFD-96B0-4691-8BF4-B919BA125253}.Debug|x64.ActiveCfg = Debug|x64
		{9BB30EFD-96B0-4691-8BF4-B919BA125253}.Debug|x64.Build.0 = Debug|x64
		{9BB30EFD-96B0-4691-8BF4-B919BA125253}.Debug|x86.ActiveCfg = Debug|Win32
		{9BB30EFD-96B0-4691-8BF4-B919BA125253}.Debug|x86.Build.0 = Debug|Win32
		{9BB30EFD-96B0-4691-8BF4-B919BA125253}.Release|x64.ActiveCfg = Release|x64
		{9BB30EFD-96B0-4691-8BF4-B919BA125253}.Release|x64.Build.0 = Release|x64
		{9BB30EFD-96B0-4691-8BF4-B919BA125253}.Release|x86.ActiveCfg = Release|Win32
		{9BB30EFD-96B0-4691-8BF4-B919BA125253}.Release|x86.Build.0 = Release|Win32
		{64FF8669-7D7B-4067-B1FB-DC5AA48C4510}.Debug|x64.ActiveCfg = Debug|x64
		{64FF8669-7D7B-4067-B1FB-DC5AA48C4510}.Debug|x64.Build.0 = Debug|x64
		{64FF8669-7D7B-4067-B1FB-DC5AA48C4510}.Debug|x86.ActiveCfg = Debug|Win32
		{64FF8669-7D7B-4067-B1FB-DC5AA48C4510}.Debug|x86.Build.0 = Debug|Win32
		{64FF8669-7D7B-4067-B1FB-DC5AA48C4510}.Release|x64.ActiveCfg = Release|x64
		{64FF8669-7D7B-4067-B1FB-DC5AA48C4510}.Release|x64.Build.0 = Release|x64
		{64FF8669-7D7B-4067-B1FB-DC5AA48C4510}.Release|x86.ActiveCfg = Release|Win32
		{64FF8669-7D7B-4067-B1FB-DC5AA48C4510}.Release|x86.Build.0 = Release|Win32
		{68F9C8B2-8E1E-40B0-843C-9A6A2141972A}.Debug|x64.ActiveCfg = Debug|x64
		{68F9C8B2-8E1E-40B0-843C-9A6A2141972A}.Debug|x64.Build.0 = Debug|x64
		{68F9C8B2-8E1E-40B0-843C-9A6A2141972A}.Debug|x86.ActiveCfg = Debug|Win32
		{68F9C8B2-8E1E-40B0-843C-9A6A2141972A}.Debug|x86.Build.0 = Debug|Win32
		{68F9C8B2-8E1E-40B0-843C-9A6A2141972A}.Release|x64.ActiveCfg = Release|x64
		{68F9C8B2-8E1E-40B0-843C-9A6A2141972A}.Release|x64.Build.0 = Release|x64
		{68F9C8B2-8E1E-40B0-843C-9A6A2141972A}.Release|x86.ActiveCfg = Release|Win32
		{68F9C8B2-8E1E-40B0-843C-9A6A2141972A}.Release|x86.Build.0 = Release|Win32
		{48C62B2B-CA55-4F56-AA3E-356E74FD0753}.Debug|x64.ActiveCfg = Debug|x64
		{48C62B2B-CA55-4F56-AA3E-356E74FD0753}.Debug|x64.Build.0 = Debug|x64
		{48C62B2B-CA55-4F56-AA3E-356E74FD0753}.Debug|x86.ActiveCfg = Debug|Win32
		{48C62B2B-CA55-4F56-AA3E-356E74FD0753}.Debug|x86.Build.0 = Debug|Win32
		{48C62B2B-CA55-4F56-AA3E-356E74FD0753}.Release|x64.ActiveCfg = Release|x64
		{48C62B2B-CA55-4F56-AA3E-356E74FD0753}.Release|x64.Build.0 = Release|x64
		{48C62B2B-CA55-4F56-AA3E-356E74FD0753}.Release|x86.ActiveCfg = Release|Win32
		{48C62B2B-CA55-4F56-AA3E-356E74FD0753}.Release|x86.Build.0 = Release|Win32
		{08240702-D2C2-4AEB-B709-5F2321EACDBC}.Debug|x64.ActiveCfg = Debug|x64
		{08240702-D2C2-4AEB-B709-5F2321EACDBC}.Debug|x64.Build.0 = Debug|x64
		{08240702-D2C2-4AEB-B709-5F2321EACDBC}.Debug|x86.ActiveCfg = Debug|Win32
		{08240702-D2C2-4AEB-B709-5F2321EACDBC}.Debug|x86.Build.0 = Debug|Win32
		{08240702-D2C2-4AEB-B709-5F2321EACDBC}.Release|x64.ActiveCfg = Release|x64
		{08240702-D2C2-4AEB-B709-5F2321EACDBC}.Release|x64.Build.0 = Release|x64
		{08240702-D2C2-4AEB-B709-5F2321EACDBC}.Release|x86.ActiveCfg = Release|Win32
		{08240702-D2C2-4AEB-B709-5F2321EACDBC}.Release|x86.Build.0 = Release|Win32
		{7B0572B3-C934-4113-928D-C29DD0529FA4}.Debug|x64.ActiveCfg = Debug|x64
		{7B0572B3-C934-4113-928D-C29DD0529FA4}.Debug|x64.Build.0 = Debug|x64
		{7B0572B3-C934-4113-928D-C29DD0529FA4}.Debug|x86.ActiveCfg = Debug|Win32
		{7B0572B3-C934-4113-928D-C29DD0529FA4}.Debug|x86.Build.0 = Debug|Win32
		{7B0572B3-C934-4113-928D-C29DD0529FA4}.Release|x64.ActiveCfg = Release|x64
		{7B0572B3-C934-4113-928D-C29DD0529FA4}.Release|x64.Build.0 = Release|x64
		{7B0572B3-C934-4113-928D-C29DD0529FA4}.Release|x86.ActiveCfg = Release|Win32
		{7B0572B3-C934-4113-928D-C29DD0529FA4}.Release|x86.Build.0 = Release|Win32
		{399D249E-AED8-4D42-BF31-513C76E7153F}.Debug|x64.ActiveCfg = Debug|x64
		{399D249E-AED8-4D42-BF31-513C76E7153F}.Debug|x64.Build.0 = Debug|x64
		{399D249E-AED8-4D42-BF31-513C76E7153F}.Debug|x86.ActiveCfg = Debug|Win32
		{399D249E-AED8-4D42-BF31-513C76E7153F}.Debug|x86.Build.0 = Debug|Win32
		{399D249E-AED8-4D42-BF31-513C76E7153F}.Release|x64.ActiveCfg = Release|x64
		{399D249E-AED8-4D42-BF31-513C76E7153F}.Release|x64.Build.0 = Release|x64
		{399D249E-AED8-4D42-BF31-513C76E7153F}.Release|x86.ActiveCfg = Release|Win32
		{399D249E-AED8-4D42-BF31-513C76E7153F}.Release|x86.Build.0 = Release|Win32
		{4CD05F87-4781-4DC9-952D-709BA4917B4B}.Debug|x64.ActiveCfg = Debug|x64
		{4CD05F87-4781-4DC9-952D-709BA4917B4B}.Debug|x64.Build.0 = Debug|x64
		{4CD05F87-4781-4DC9-952D-709BA4917B4B}.Debug|x86.ActiveCfg = Debug|Win32
		{4CD05F87-4781-4DC9-952D-709BA4917B4B}.Debug|x86.Build.0 = Debug|Win32
		{4CD05F87-4781-4DC9-952D-709BA4917B4B}.Release|x64.ActiveCfg = Release|x64
		{4CD05F87-4781-4DC9-952D-709BA4917B4B}.Release|x64.Build.0 = Release|x64
		{4CD05F87-4781-4DC9-952D-709BA4917B4B}.Release|x86.ActiveCfg = Release|Win32
		{4CD05F87-4781-4DC9-952D-709BA4917B4B}.Release|x86.Build.0 = Release|Win32
		{DDDF0064-A242-467B-A42C-50498DF9A9A8}.Debug|x64.ActiveCfg = Debug|x64
		{DDDF0064-A242-467B-A42C-50498DF9A9A8}.Debug|x64.Build.0 = Debug|x64
		{DDDF0064-A242-467B-A42C-50498DF9A9A8}.Debug|x86.ActiveCfg = Debug|Win32
		{DDDF0064-A242-467B-A42C-50498DF9A9A8}.Debug|x86.Build.0 = Debug|Win32
		{DDDF0064-A242-467B-A42C-50498DF9A9A8}.Release|x64.ActiveCfg = Release|x64
		{DDDF0064-A242-467B-A42C-50498DF9A9A8}.Release|x64.Build.0 = Release|x64
		{DDDF0064-A242-467B-A42C-50498DF9A9A8}.Release|x86.ActiveCfg = Release|Win32
		{DDDF0064-A242-467B-A42C-50498DF9A9A8}.Release|x86.Build.0 = Release|Win32
		{78ED708E-9C79-4EDE-A2A1-ABE150045608}.Debug|x64.ActiveCfg = Debug|x64
		{78ED708E-9C79-4EDE-A2A1-ABE150045608}.Debug|x64.Build.0 = Debug|x64
		{78ED708E-9C79-4EDE-A2A1-ABE150045608}.Debug|x86.ActiveCfg = Debug|Win32
		{78ED708E-9C79-4EDE-A2A1-ABE150045608}.Debug|x86.Build.0 = Debug|Win32
		{78ED708E-9C79-4EDE-A2A1-ABE150045608}.Release|x64.ActiveCfg = Release|x64
		{78ED708E-9C79-4EDE-A2A1-ABE150045608}.Release|x64.Build.0 = Release|x64
		{78ED708E-9C79-4EDE-A2A1-ABE150045608}.Release|x86.ActiveCfg = Release|Win32
		{78ED708E-9C79-4EDE-A2A1-ABE150045608}.Release|x86.Build.0 = Release|Win32
		{5CC2F445-06DF-4CC3-B166-B6D8CFB8B5DF}.Debug|x64.ActiveCfg = Debug|x64
		{5CC2F445-06DF-4CC3-B166-B6D8CFB8B5DF}.Debug|x64.Build.0 = Debug|x64
		{5CC2F445-06DF-4CC3-B166-B6D8CFB8B5DF}.Debug|x86.ActiveCfg = Debug|Win32
		{5CC2F445-06DF-4CC3-B166-B6D8CFB8B5DF}.Debug|x86.Build.0 = Debug|Win32
		{5CC2F445-06DF-4CC3-B166-B6D8CFB8B5DF}.Release|x64.ActiveCfg = Release|x64
		{5CC2F445-06DF-4CC3-B166-B6D8CFB8B5DF}.Release|x64.Build.0 = Release|x64
		{5CC2F445-06DF-4CC3-B166-B6D8CFB8B5DF}.Release|x86.ActiveCfg = Release|Win32
		{5CC2F445-06DF-4CC3-B166-B6D8CFB8B5DF}.Release|x86.Build.0 = Release|Win32
		{84ECDD50-B97A-400F-B58B-8FE4E9E8E008}.Debug|x64.ActiveCfg = Debug|x64
		{84ECDD50-B97A-400F-B58B-8FE4E9E8E008}.Debug|x64.Build.0 = Debug|x64
		{84ECDD50-B97A-400F-B58B-8FE4E9E8E008}.Debug|x86.ActiveCfg = Debug|Win32
		{84ECDD50-B97A-400F-B58B-8FE4E9E8E008}.Debug|x86.Build.0 = Debug|Win32
		{84ECDD50-B97A-400F-B58B-8FE4E9E8E008}.Release|x64.ActiveCfg = Release|x64
		{84ECDD50-B97A-400F-B58B-8FE4E9E8E008}.Release|x64.Build.0 = Release|x64
		{84ECDD50-B97A-400F-B58B-8FE4E9E8E008}.Release|x86.ActiveCfg = Release|Win32
		{84ECDD50-B97A-400F-B58B-8FE4E9E8E008}.Release|x86.Build.0 = Release|Win32
		{592171EF-CDFD-49F0-A1CF-CE9AA2597F94}.Debug|x64.ActiveCfg = Debug|x64
		{592171EF-CDFD-49F0-A1CF-CE9AA2597F94}.Debug|x64.Build.0 = Debug|x64
		{592171EF-CDFD-49F0-A1CF-CE9AA2597F94}.Debug|x86.ActiveCfg = Debug|Win32
		{592171EF-CDFD-49F0-A1CF-CE9AA2597F94}.Debug|x86.Build.0 = Debug|Win32
		{592171EF-CDFD-49F0-A1CF-CE9AA2597F94}.Release|x64.ActiveCfg = Release|x64
		{592171EF-CDFD-49F0-A1CF-CE9AA2597F94}.Release|x64.Build.0 = Release|x64
		{592171EF-CDFD-49F0-A1CF-CE9AA2597F94}.Release|x86.ActiveCfg = Release|Win32
		{592171EF-CDFD-49F0-A1CF-CE9AA2597F94}.Release|x86.Build.0 = Release|Win32
		{A8AD09F4-3DAD-4FBC-B71B-8D4ABFD25812}.Debug|x64.ActiveCfg = Debug|x64
		{A8AD09F4-3DAD-4FBC-B71B-8D4ABFD25812}.Debug|x64.Build.0 = Debug|x64
		{A8AD09F4-3DAD-4FBC-B71B-8D4ABFD25812}.Debug|x86.ActiveCfg = Debug|Win32
		{A8AD09F4-3DAD-4FBC-B71B-8D4ABFD25812}.Debug|x86.Build.0 = Debug|Win32
		{A8AD09F4-3DAD-4FBC-B71B-8D4ABFD25812}.Release|x64.ActiveCfg = Release|x64
		{A8AD09F4-3DAD-4FBC-B71B-8D4ABFD25812}.Release|x64.Build.0 = Release|x64
		{A8AD09F4-3DAD-4FBC-B71B-8D4ABFD25812}.Release|x86.ActiveCfg = Release|Win32
		{A8AD09F4-3DAD-4FBC-B71B-8D4ABFD25812}.Release|x86.Build.0 = Release|Win32
		{1676D52D-1C10-44B5-A5D7-B4BBB2184320}.Debug|x64.ActiveCfg = Debug|x64
		{1676D52D-1C10-44B5-A5D7-B4BBB2184320}.Debug|x64.Build.0 = Debug|x64
		{1676D52D-1C10-44B5-A5D7-B4BBB2184320}.Debug|x86.ActiveCfg = Debug|Win32
		{1676D52D-1C10-44B5-A5D7-B4BBB2184320}.Debug|x86.Build.0 = Debug|Win32
		{1676D52D-1C10-44B5-A5D7-B4BBB2184320}.Release|x64.ActiveCfg = Release|x64
		{1676D52D-1C10-44B5-A5D7-B4BBB2184320}.Release|x64.Build.0 = Release|x64
		{1676D52D-1C10-44B5-A5D7-B4BBB2184320}.Release|x86.ActiveCfg = Release|Win32
		{1676D52D-1C10-44B5-A5D7-B4BBB2184320}.Release|x86.Build.0 = Release|Win32
	EndGlobalSection
	GlobalSection(SolutionProperties) = preSolution
		HideSolutionNode = FALSE
	EndGlobalSection
EndGlobal
